
Microsoft Visual Studio Solution File, Format Version 12.00
# Visual Studio 15
VisualStudioVersion = 15.0.27004.2005
MinimumVisualStudioVersion = 10.0.40219.1
Project("{FAE04EC0-301F-11D3-BF4B-00C04F79EFBC}") = "SklepMuzyczny", "SklepMuzyczny\SklepMuzyczny.csproj", "{4342EEBF-7D34-42F8-BE5B-5B2C715DE437}"
EndProject
Project("{FAE04EC0-301F-11D3-BF4B-00C04F79EFBC}") = "SklepMuzyczny.Tests", "SklepMuzyczny.Testss\SklepMuzyczny.Tests.csproj", "{613C23C5-8C0C-46CD-A8DF-9D82C55DF99F}"
EndProject
Global
	GlobalSection(SolutionConfigurationPlatforms) = preSolution
		Debug|Any CPU = Debug|Any CPU
		Release|Any CPU = Release|Any CPU
	EndGlobalSection
	GlobalSection(ProjectConfigurationPlatforms) = postSolution
		{4342EEBF-7D34-42F8-BE5B-5B2C715DE437}.Debug|Any CPU.ActiveCfg = Debug|Any CPU
		{4342EEBF-7D34-42F8-BE5B-5B2C715DE437}.Debug|Any CPU.Build.0 = Debug|Any CPU
		{4342EEBF-7D34-42F8-BE5B-5B2C715DE437}.Release|Any CPU.ActiveCfg = Release|Any CPU
		{4342EEBF-7D34-42F8-BE5B-5B2C715DE437}.Release|Any CPU.Build.0 = Release|Any CPU
		{613C23C5-8C0C-46CD-A8DF-9D82C55DF99F}.Debug|Any CPU.ActiveCfg = Debug|Any CPU
		{613C23C5-8C0C-46CD-A8DF-9D82C55DF99F}.Debug|Any CPU.Build.0 = Debug|Any CPU
		{613C23C5-8C0C-46CD-A8DF-9D82C55DF99F}.Release|Any CPU.ActiveCfg = Release|Any CPU
		{613C23C5-8C0C-46CD-A8DF-9D82C55DF99F}.Release|Any CPU.Build.0 = Release|Any CPU
	EndGlobalSection
	GlobalSection(SolutionProperties) = preSolution
		HideSolutionNode = FALSE
	EndGlobalSection
	GlobalSection(ExtensibilityGlobals) = postSolution
		SolutionGuid = {66D6C014-1DB7-49EE-9447-727228FF879D}
	EndGlobalSection
EndGlobal
